
Microsoft Visual Studio Solution File, Format Version 12.00
# Visual Studio 15
VisualStudioVersion = 15.0.27428.2015
MinimumVisualStudioVersion = 10.0.40219.1
Project("{FAE04EC0-301F-11D3-BF4B-00C04F79EFBC}") = "SandBox777", "SandBox777\SandBox777.csproj", "{86AB039C-100A-4187-9311-0F887072F220}"
EndProject
Project("{FAE04EC0-301F-11D3-BF4B-00C04F79EFBC}") = "LogAnUnitTests", "LogAnUnitTests\LogAnUnitTests.csproj", "{16AE593F-6886-4507-A92E-8ABFDE0B53E6}"
EndProject
Global
	GlobalSection(SolutionConfigurationPlatforms) = preSolution
		Debug|Any CPU = Debug|Any CPU
		Release|Any CPU = Release|Any CPU
	EndGlobalSection
	GlobalSection(ProjectConfigurationPlatforms) = postSolution
		{86AB039C-100A-4187-9311-0F887072F220}.Debug|Any CPU.ActiveCfg = Debug|Any CPU
		{86AB039C-100A-4187-9311-0F887072F220}.Debug|Any CPU.Build.0 = Debug|Any CPU
		{86AB039C-100A-4187-9311-0F887072F220}.Release|Any CPU.ActiveCfg = Release|Any CPU
		{86AB039C-100A-4187-9311-0F887072F220}.Release|Any CPU.Build.0 = Release|Any CPU
		{16AE593F-6886-4507-A92E-8ABFDE0B53E6}.Debug|Any CPU.ActiveCfg = Debug|Any CPU
		{16AE593F-6886-4507-A92E-8ABFDE0B53E6}.Debug|Any CPU.Build.0 = Debug|Any CPU
		{16AE593F-6886-4507-A92E-8ABFDE0B53E6}.Release|Any CPU.ActiveCfg = Release|Any CPU
		{16AE593F-6886-4507-A92E-8ABFDE0B53E6}.Release|Any CPU.Build.0 = Release|Any CPU
	EndGlobalSection
	GlobalSection(SolutionProperties) = preSolution
		HideSolutionNode = FALSE
	EndGlobalSection
	GlobalSection(ExtensibilityGlobals) = postSolution
		SolutionGuid = {9D21D98A-9B0F-4CB6-BDCB-634824B662BD}
	EndGlobalSection
EndGlobal
